{
  "version": "2",
  "remote": {
    "https://deno.land/std@0.170.0/fmt/colors.ts": "03ad95e543d2808bc43c17a3dd29d25b43d0f16287fe562a0be89bf632454a12",
    "https://deno.land/std@0.177.0/_util/asserts.ts": "178dfc49a464aee693a7e285567b3d0b555dc805ff490505a8aae34f9cfb1462",
    "https://deno.land/std@0.177.0/_util/os.ts": "d932f56d41e4f6a6093d56044e29ce637f8dcc43c5a90af43504a889cf1775e3",
    "https://deno.land/std@0.177.0/bytes/copy.ts": "939d89e302a9761dcf1d9c937c7711174ed74c59eef40a1e4569a05c9de88219",
    "https://deno.land/std@0.177.0/fmt/colors.ts": "938c5d44d889fb82eff6c358bea8baa7e85950a16c9f6dae3ec3a7a729164471",
    "https://deno.land/std@0.177.0/fs/_util.ts": "65381f341af1ff7f40198cee15c20f59951ac26e51ddc651c5293e24f9ce6f32",
    "https://deno.land/std@0.177.0/fs/copy.ts": "14214efd94fc3aa6db1e4af2b4b9578e50f7362b7f3725d5a14ad259a5df26c8",
    "https://deno.land/std@0.177.0/fs/empty_dir.ts": "c3d2da4c7352fab1cf144a1ecfef58090769e8af633678e0f3fabaef98594688",
    "https://deno.land/std@0.177.0/fs/ensure_dir.ts": "724209875497a6b4628dfb256116e5651c4f7816741368d6c44aab2531a1e603",
    "https://deno.land/std@0.177.0/fs/ensure_file.ts": "c38602670bfaf259d86ca824a94e6cb9e5eb73757fefa4ebf43a90dd017d53d9",
    "https://deno.land/std@0.177.0/fs/ensure_link.ts": "c0f5b2f0ec094ed52b9128eccb1ee23362a617457aa0f699b145d4883f5b2fb4",
    "https://deno.land/std@0.177.0/fs/ensure_symlink.ts": "2955cc8332aeca9bdfefd05d8d3976b94e282b0f353392a71684808ed2ffdd41",
    "https://deno.land/std@0.177.0/fs/eol.ts": "f1f2eb348a750c34500741987b21d65607f352cf7205f48f4319d417fff42842",
    "https://deno.land/std@0.177.0/fs/exists.ts": "b8c8a457b71e9d7f29b9d2f87aad8dba2739cbe637e8926d6ba6e92567875f8e",
    "https://deno.land/std@0.177.0/fs/expand_glob.ts": "45d17e89796a24bd6002e4354eda67b4301bb8ba67d2cac8453cdabccf1d9ab0",
    "https://deno.land/std@0.177.0/fs/mod.ts": "bc3d0acd488cc7b42627044caf47d72019846d459279544e1934418955ba4898",
    "https://deno.land/std@0.177.0/fs/move.ts": "4cb47f880e3f0582c55e71c9f8b1e5e8cfaacb5e84f7390781dd563b7298ec19",
    "https://deno.land/std@0.177.0/fs/walk.ts": "ea95ffa6500c1eda6b365be488c056edc7c883a1db41ef46ec3bf057b1c0fe32",
    "https://deno.land/std@0.177.0/io/buf_reader.ts": "90a7adcb3638d8e1361695cdf844d58bcd97c41711dc6f9f8acc0626ebe097f5",
    "https://deno.land/std@0.177.0/io/buffer.ts": "e2b7564f684dad625cab08f5106f33572d325705d19a36822b3272fbdfb8f726",
    "https://deno.land/std@0.177.0/path/_constants.ts": "e49961f6f4f48039c0dfed3c3f93e963ca3d92791c9d478ac5b43183413136e0",
    "https://deno.land/std@0.177.0/path/_interface.ts": "6471159dfbbc357e03882c2266d21ef9afdb1e4aa771b0545e90db58a0ba314b",
    "https://deno.land/std@0.177.0/path/_util.ts": "d7abb1e0dea065f427b89156e28cdeb32b045870acdf865833ba808a73b576d0",
    "https://deno.land/std@0.177.0/path/common.ts": "ee7505ab01fd22de3963b64e46cff31f40de34f9f8de1fff6a1bd2fe79380000",
    "https://deno.land/std@0.177.0/path/glob.ts": "d479e0a695621c94d3fd7fe7abd4f9499caf32a8de13f25073451c6ef420a4e1",
    "https://deno.land/std@0.177.0/path/mod.ts": "4b83694ac500d7d31b0cdafc927080a53dc0c3027eb2895790fb155082b0d232",
    "https://deno.land/std@0.177.0/path/posix.ts": "8b7c67ac338714b30c816079303d0285dd24af6b284f7ad63da5b27372a2c94d",
    "https://deno.land/std@0.177.0/path/separator.ts": "0fb679739d0d1d7bf45b68dacfb4ec7563597a902edbaf3c59b50d5bcadd93b1",
    "https://deno.land/std@0.177.0/path/win32.ts": "d186344e5583bcbf8b18af416d13d82b35a317116e6460a5a3953508c3de5bba",
    "https://deno.land/std@0.177.0/streams/read_all.ts": "bfa220b0e1d06fa4d0cb5178baba8f8b466019a7411511982bfa2320ca292815",
    "https://deno.land/std@0.177.0/streams/reader_from_stream_reader.ts": "3fda9390ec8520c8a9ea2aba2579208b18880a7663d7a9feec8f193b7af14e41",
    "https://deno.land/std@0.177.0/streams/write_all.ts": "3b2e1ce44913f966348ce353d02fa5369e94115181037cd8b602510853ec3033",
    "https://deno.land/std@0.177.0/types.d.ts": "220ed56662a0bd393ba5d124aa6ae2ad36a00d2fcbc0e8666a65f4606aaa9784",
    "https://deno.land/std@0.85.0/async/deferred.ts": "f89ed49ba5e1dd0227c6bd5b23f017be46c3f92e4f0338dda08ff5aa54b9f6c9",
    "https://deno.land/std@0.85.0/async/delay.ts": "9de1d8d07d1927767ab7f82434b883f3d8294fb19cad819691a2ad81a728cf3d",
    "https://deno.land/std@0.85.0/async/mod.ts": "253b41c658d768613eacfb11caa0a9ca7148442f932018a45576f7f27554c853",
    "https://deno.land/std@0.85.0/async/mux_async_iterator.ts": "b9091909db04cdb0af6f7807677372f64c1488de6c4bd86004511b064bf230d6",
    "https://deno.land/std@0.85.0/async/pool.ts": "876f9e6815366cd017a3b4fbb9e9ae40310b1b6972f1bd541c94358bc11fb7e5",
    "https://deno.land/std@0.85.0/encoding/base64.ts": "e81fd4661e7af6711b1a03ed212617e1b1ff2999a11317655359cf9223bc6cce",
    "https://deno.land/std@0.85.0/encoding/hex.ts": "f952e0727bddb3b2fd2e6889d104eacbd62e92091f540ebd6459317a61932d9b",
    "https://deno.land/std@0.85.0/fmt/colors.ts": "d253f2367e5feebcf0f49676533949c09ea07a2d95fb74958f6f5c1c22fbec49",
    "https://deno.land/std@0.85.0/node/_utils.ts": "067c386d676432e9418808851e8de72df7774f009a652904f62358b4c94504cf",
    "https://deno.land/std@0.85.0/node/buffer.ts": "e98af24a3210d8fc3f022b6eb26d6e5bdf98fb0e02931e5983d20db9fed1b590",
    "https://deno.land/std@0.85.0/testing/_diff.ts": "961eaf6d9f5b0a8556c9d835bbc6fa74f5addd7d3b02728ba7936ff93364f7a3",
    "https://deno.land/std@0.85.0/testing/asserts.ts": "de942b2e1cb6dac1c1c4a7b698be017337e2e2cc2252ae0a6d215c5befde1e82",
    "https://deno.land/x/cliffy@v0.25.7/_utils/distance.ts": "02af166952c7c358ac83beae397aa2fbca4ad630aecfcd38d92edb1ea429f004",
    "https://deno.land/x/cliffy@v0.25.7/command/_errors.ts": "a9bd23dc816b32ec96c9b8f3057218241778d8c40333b43341138191450965e5",
    "https://deno.land/x/cliffy@v0.25.7/command/_utils.ts": "9ab3d69fabab6c335b881b8a5229cbd5db0c68f630a1c307aff988b6396d9baf",
    "https://deno.land/x/cliffy@v0.25.7/command/command.ts": "a2b83c612acd65c69116f70dec872f6da383699b83874b70fcf38cddf790443f",
    "https://deno.land/x/cliffy@v0.25.7/command/completions/_bash_completions_generator.ts": "43b4abb543d4dc60233620d51e69d82d3b7c44e274e723681e0dce2a124f69f9",
    "https://deno.land/x/cliffy@v0.25.7/command/completions/_fish_completions_generator.ts": "d0289985f5cf0bd288c05273bfa286b24c27feb40822eb7fd9d7fee64e6580e8",
    "https://deno.land/x/cliffy@v0.25.7/command/completions/_zsh_completions_generator.ts": "14461eb274954fea4953ee75938821f721da7da607dc49bcc7db1e3f33a207bd",
    "https://deno.land/x/cliffy@v0.25.7/command/completions/bash.ts": "053aa2006ec327ccecacb00ba28e5eb836300e5c1bec1b3cfaee9ddcf8189756",
    "https://deno.land/x/cliffy@v0.25.7/command/completions/complete.ts": "58df61caa5e6220ff2768636a69337923ad9d4b8c1932aeb27165081c4d07d8b",
    "https://deno.land/x/cliffy@v0.25.7/command/completions/fish.ts": "9938beaa6458c6cf9e2eeda46a09e8cd362d4f8c6c9efe87d3cd8ca7477402a5",
    "https://deno.land/x/cliffy@v0.25.7/command/completions/mod.ts": "aeef7ec8e319bb157c39a4bab8030c9fe8fa327b4c1e94c9c1025077b45b40c0",
    "https://deno.land/x/cliffy@v0.25.7/command/completions/zsh.ts": "8b04ab244a0b582f7927d405e17b38602428eeb347a9968a657e7ea9f40e721a",
    "https://deno.land/x/cliffy@v0.25.7/command/deprecated.ts": "bbe6670f1d645b773d04b725b8b8e7814c862c9f1afba460c4d599ffe9d4983c",
    "https://deno.land/x/cliffy@v0.25.7/command/deps.ts": "275b964ce173770bae65f6b8ebe9d2fd557dc10292cdd1ed3db1735f0d77fa1d",
    "https://deno.land/x/cliffy@v0.25.7/command/help/_help_generator.ts": "f7c349cb2ddb737e70dc1f89bcb1943ca9017a53506be0d4138e0aadb9970a49",
    "https://deno.land/x/cliffy@v0.25.7/command/help/mod.ts": "09d74d3eb42d21285407cda688074c29595d9c927b69aedf9d05ff3f215820d3",
    "https://deno.land/x/cliffy@v0.25.7/command/mod.ts": "d0a32df6b14028e43bb2d41fa87d24bc00f9662a44e5a177b3db02f93e473209",
    "https://deno.land/x/cliffy@v0.25.7/command/type.ts": "24e88e3085e1574662b856ccce70d589959648817135d4469fab67b9cce1b364",
    "https://deno.land/x/cliffy@v0.25.7/command/types.ts": "ae02eec0ed7a769f7dba2dd5d3a931a61724b3021271b1b565cf189d9adfd4a0",
    "https://deno.land/x/cliffy@v0.25.7/command/types/action_list.ts": "33c98d449617c7a563a535c9ceb3741bde9f6363353fd492f90a74570c611c27",
    "https://deno.land/x/cliffy@v0.25.7/command/types/boolean.ts": "3879ec16092b4b5b1a0acb8675f8c9250c0b8a972e1e4c7adfba8335bd2263ed",
    "https://deno.land/x/cliffy@v0.25.7/command/types/child_command.ts": "f1fca390c7fbfa7a713ca15ef55c2c7656bcbb394d50e8ef54085bdf6dc22559",
    "https://deno.land/x/cliffy@v0.25.7/command/types/command.ts": "325d0382e383b725fd8d0ef34ebaeae082c5b76a1f6f2e843fee5dbb1a4fe3ac",
    "https://deno.land/x/cliffy@v0.25.7/command/types/enum.ts": "2178345972adf7129a47e5f02856ca3e6852a91442a1c78307dffb8a6a3c6c9f",
    "https://deno.land/x/cliffy@v0.25.7/command/types/file.ts": "8618f16ac9015c8589cbd946b3de1988cc4899b90ea251f3325c93c46745140e",
    "https://deno.land/x/cliffy@v0.25.7/command/types/integer.ts": "29864725fd48738579d18123d7ee78fed37515e6dc62146c7544c98a82f1778d",
    "https://deno.land/x/cliffy@v0.25.7/command/types/number.ts": "aeba96e6f470309317a16b308c82e0e4138a830ec79c9877e4622c682012bc1f",
    "https://deno.land/x/cliffy@v0.25.7/command/types/string.ts": "e4dadb08a11795474871c7967beab954593813bb53d9f69ea5f9b734e43dc0e0",
    "https://deno.land/x/cliffy@v0.25.7/command/upgrade/mod.ts": "17e2df3b620905583256684415e6c4a31e8de5c59066eb6d6c9c133919292dc4",
    "https://deno.land/x/cliffy@v0.25.7/command/upgrade/provider.ts": "d6fb846043232cbd23c57d257100c7fc92274984d75a5fead0f3e4266dc76ab8",
    "https://deno.land/x/cliffy@v0.25.7/command/upgrade/provider/deno_land.ts": "24f8d82e38c51e09be989f30f8ad21f9dd41ac1bb1973b443a13883e8ba06d6d",
    "https://deno.land/x/cliffy@v0.25.7/command/upgrade/provider/github.ts": "99e1b133dd446c6aa79f69e69c46eb8bc1c968dd331c2a7d4064514a317c7b59",
    "https://deno.land/x/cliffy@v0.25.7/command/upgrade/provider/nest_land.ts": "0e07936cea04fa41ac9297f32d87f39152ea873970c54cb5b4934b12fee1885e",
    "https://deno.land/x/cliffy@v0.25.7/command/upgrade/upgrade_command.ts": "3640a287d914190241ea1e636774b1b4b0e1828fa75119971dd5304784061e05",
    "https://deno.land/x/cliffy@v0.25.7/flags/_errors.ts": "f1fbb6bfa009e7950508c9d491cfb4a5551027d9f453389606adb3f2327d048f",
    "https://deno.land/x/cliffy@v0.25.7/flags/_utils.ts": "340d3ecab43cde9489187e1f176504d2c58485df6652d1cdd907c0e9c3ce4cc2",
    "https://deno.land/x/cliffy@v0.25.7/flags/_validate_flags.ts": "16eb5837986c6f6f7620817820161a78d66ce92d690e3697068726bbef067452",
    "https://deno.land/x/cliffy@v0.25.7/flags/deprecated.ts": "a72a35de3cc7314e5ebea605ca23d08385b218ef171c32a3f135fb4318b08126",
    "https://deno.land/x/cliffy@v0.25.7/flags/flags.ts": "68a9dfcacc4983a84c07ba19b66e5e9fccd04389fad215210c60fb414cc62576",
    "https://deno.land/x/cliffy@v0.25.7/flags/types.ts": "7452ea5296758fb7af89930349ce40d8eb9a43b24b3f5759283e1cb5113075fd",
    "https://deno.land/x/cliffy@v0.25.7/flags/types/boolean.ts": "4c026dd66ec9c5436860dc6d0241427bdb8d8e07337ad71b33c08193428a2236",
    "https://deno.land/x/cliffy@v0.25.7/flags/types/integer.ts": "b60d4d590f309ddddf066782d43e4dc3799f0e7d08e5ede7dc62a5ee94b9a6d9",
    "https://deno.land/x/cliffy@v0.25.7/flags/types/number.ts": "610936e2d29de7c8c304b65489a75ebae17b005c6122c24e791fbed12444d51e",
    "https://deno.land/x/cliffy@v0.25.7/flags/types/string.ts": "e89b6a5ce322f65a894edecdc48b44956ec246a1d881f03e97bbda90dd8638c5",
    "https://deno.land/x/cliffy@v0.25.7/table/border.ts": "2514abae4e4f51eda60a5f8c927ba24efd464a590027e900926b38f68e01253c",
    "https://deno.land/x/cliffy@v0.25.7/table/cell.ts": "1d787d8006ac8302020d18ec39f8d7f1113612c20801b973e3839de9c3f8b7b3",
    "https://deno.land/x/cliffy@v0.25.7/table/deps.ts": "5b05fa56c1a5e2af34f2103fd199e5f87f0507549963019563eae519271819d2",
    "https://deno.land/x/cliffy@v0.25.7/table/layout.ts": "46bf10ae5430cf4fbb92f23d588230e9c6336edbdb154e5c9581290562b169f4",
    "https://deno.land/x/cliffy@v0.25.7/table/row.ts": "5f519ba7488d2ef76cbbf50527f10f7957bfd668ce5b9169abbc44ec88302645",
    "https://deno.land/x/cliffy@v0.25.7/table/table.ts": "ec204c9d08bb3ff1939c5ac7412a4c9ed7d00925d4fc92aff9bfe07bd269258d",
    "https://deno.land/x/cliffy@v0.25.7/table/utils.ts": "187bb7dcbcfb16199a5d906113f584740901dfca1007400cba0df7dcd341bc29",
    "https://deno.land/x/dax@0.27.0/mod.ts": "ae2ce335c9ff09b6174b579d81bed128b913147761c1fa5e1a19c0c84478b8c3",
    "https://deno.land/x/dax@0.27.0/src/command.ts": "0cb8a5ba2748423355e7e86e6150aba3b2672b09700715a551fcbd21df49f159",
    "https://deno.land/x/dax@0.27.0/src/command_handler.ts": "d32dafb16ec21d673aef9eb1dfde435ab5b139a2d0f0de5c6afa6c849121b3bd",
    "https://deno.land/x/dax@0.27.0/src/commands/args.ts": "a138aef24294e3cbf13cef08f4836d018e8dd99fd06ad82e7e7f08ef680bbc1d",
    "https://deno.land/x/dax@0.27.0/src/commands/cd.ts": "15a75fb42646445fb6a061af1f52c63253c7c45accdbc801a92a5b00f1cf212c",
    "https://deno.land/x/dax@0.27.0/src/commands/cp_mv.ts": "58205a82a9404e444c7c5caf98b5dd2b350c668c0b421546a038b76ea8b6a53d",
    "https://deno.land/x/dax@0.27.0/src/commands/echo.ts": "2af0b8f33a688a972540848487cb6a045debe504edcc5eb40bd9eb4aad6058c4",
    "https://deno.land/x/dax@0.27.0/src/commands/exit.ts": "36759cba6494062891216794bffa61803a6d547fe05a5a5da76a7daa31b8968a",
    "https://deno.land/x/dax@0.27.0/src/commands/export.ts": "b6ecad1203cfe606d69da6c16736f31acf211e864e6822484d85cea1cb7d5528",
    "https://deno.land/x/dax@0.27.0/src/commands/mkdir.ts": "9381ecdc0e0203d941f89027b6ef2865393bf0a66670bf5f5aaa6a49669244c7",
    "https://deno.land/x/dax@0.27.0/src/commands/pwd.ts": "5438aea979027bfa5c64c2a7f1073389735ea986f6abe2174ec21bcb70a2156f",
    "https://deno.land/x/dax@0.27.0/src/commands/rm.ts": "d911ff4e2e0b3d3c5d426c7b735313741ad762d9e25a743f101a1b05447eecf8",
    "https://deno.land/x/dax@0.27.0/src/commands/sleep.ts": "61e454eb033912f19c2a15e8c15462fcc5cbc343c1fb4979093b9042899e7016",
    "https://deno.land/x/dax@0.27.0/src/commands/test.ts": "e54fcfd68cabe9b7743de7015eabcd6c8509c02def41477edc2fcd90b92050ce",
    "https://deno.land/x/dax@0.27.0/src/commands/touch.ts": "5953dbde8732da47ade9b7554a638ea06a8b67a59842e638fb79f7aebe392650",
    "https://deno.land/x/dax@0.27.0/src/common.ts": "c0e809c591400dbadb25197f2819c59fec6b897c94c1aba6a026d5d1eee9cb53",
    "https://deno.land/x/dax@0.27.0/src/console/confirm.ts": "d9128d10b77fcc0a8df2784f71c79df68f5c8e00a34b04547b9ba9ddf1c97f96",
    "https://deno.land/x/dax@0.27.0/src/console/logger.ts": "e0ab5025915cef70df03681c756e211f25bb2e4331f82ed4256b17ddd9e794ea",
    "https://deno.land/x/dax@0.27.0/src/console/mod.ts": "29ae1f8250b74a477e26a3b6ccf647badf5d8f8e2a9e6c4aa0d5df9e3bbbb273",
    "https://deno.land/x/dax@0.27.0/src/console/multiSelect.ts": "31003744e58f45f720271bd034d8cfba1055c954ba02d77a2f2eb21e4c1ed55a",
    "https://deno.land/x/dax@0.27.0/src/console/progress/format.ts": "15ddbb8051580f88ed499281e12ca6f881f875ab73268d7451d7113ee130bd7d",
    "https://deno.land/x/dax@0.27.0/src/console/progress/interval.ts": "80188d980a27c2eb07c31324365118af549641442f0752fe7c3b0c91832e5046",
    "https://deno.land/x/dax@0.27.0/src/console/progress/mod.ts": "df1017c87a33c3b0152422e753ea203aa706b9e5570a3930a6fce6f86ee2bcf5",
    "https://deno.land/x/dax@0.27.0/src/console/prompt.ts": "78c645b41a7562133d05a10901ae4d682cb22bfaf0b5a21cc8475ca2a946aee1",
    "https://deno.land/x/dax@0.27.0/src/console/select.ts": "c9d7124d975bf34d52ea1ac88fd610ed39db8ee6505b9bb53f371cef2f56c6ab",
    "https://deno.land/x/dax@0.27.0/src/console/utils.ts": "954c99397dcd2cb3f1ccf50055085f17c9ffb31b25b3c5719776de81e23935f4",
    "https://deno.land/x/dax@0.27.0/src/deps.ts": "258c5b7229fcea67bef138465b0053b045ced0674c65496b9e7e898d9a7742f1",
    "https://deno.land/x/dax@0.27.0/src/lib/mod.ts": "c8e9ca527dacf1e5a0132f07c6d0e4b4bc6f86b6c83694316fb5805f325dd9fe",
    "https://deno.land/x/dax@0.27.0/src/lib/rs_lib.generated.js": "22f6813fc63f7ae7f01f2fdec892f66831d858fc376fd57ab018be9a78bbb5fd",
    "https://deno.land/x/dax@0.27.0/src/path.ts": "3d64314bbd53213cbb15684305a7a54c17e23dc05841cab387e0fcf47adb9351",
    "https://deno.land/x/dax@0.27.0/src/pipes.ts": "3aa984c0d031f4221953e228ba89452a86068a80d2811fddb9c60737cd4ab174",
    "https://deno.land/x/dax@0.27.0/src/request.ts": "66a1b19301e0e3b918b8982836ce1d071e2555e7d02a4c31cec8f9d3221c5f9d",
    "https://deno.land/x/dax@0.27.0/src/result.ts": "db83149d543f8b0625319f5169ec654faca6da42a046e75e7722a00cc5a7ea72",
    "https://deno.land/x/dax@0.27.0/src/shell.ts": "55e60cc0017a4a31833c390971381cce3875a17bc3b6430dfd976d035831871f",
    "https://deno.land/x/dax@0.28.0/mod.ts": "f4c234d5dd6f2f8c2a1adbc79828288a152662f593e9b33cb88e523f65406759",
    "https://deno.land/x/dax@0.28.0/src/command.ts": "0cb8a5ba2748423355e7e86e6150aba3b2672b09700715a551fcbd21df49f159",
    "https://deno.land/x/dax@0.28.0/src/command_handler.ts": "d32dafb16ec21d673aef9eb1dfde435ab5b139a2d0f0de5c6afa6c849121b3bd",
    "https://deno.land/x/dax@0.28.0/src/commands/args.ts": "a138aef24294e3cbf13cef08f4836d018e8dd99fd06ad82e7e7f08ef680bbc1d",
    "https://deno.land/x/dax@0.28.0/src/commands/cd.ts": "15a75fb42646445fb6a061af1f52c63253c7c45accdbc801a92a5b00f1cf212c",
    "https://deno.land/x/dax@0.28.0/src/commands/cp_mv.ts": "58205a82a9404e444c7c5caf98b5dd2b350c668c0b421546a038b76ea8b6a53d",
    "https://deno.land/x/dax@0.28.0/src/commands/echo.ts": "2af0b8f33a688a972540848487cb6a045debe504edcc5eb40bd9eb4aad6058c4",
    "https://deno.land/x/dax@0.28.0/src/commands/exit.ts": "36759cba6494062891216794bffa61803a6d547fe05a5a5da76a7daa31b8968a",
    "https://deno.land/x/dax@0.28.0/src/commands/export.ts": "b6ecad1203cfe606d69da6c16736f31acf211e864e6822484d85cea1cb7d5528",
    "https://deno.land/x/dax@0.28.0/src/commands/mkdir.ts": "9381ecdc0e0203d941f89027b6ef2865393bf0a66670bf5f5aaa6a49669244c7",
    "https://deno.land/x/dax@0.28.0/src/commands/pwd.ts": "5438aea979027bfa5c64c2a7f1073389735ea986f6abe2174ec21bcb70a2156f",
    "https://deno.land/x/dax@0.28.0/src/commands/rm.ts": "d911ff4e2e0b3d3c5d426c7b735313741ad762d9e25a743f101a1b05447eecf8",
    "https://deno.land/x/dax@0.28.0/src/commands/sleep.ts": "61e454eb033912f19c2a15e8c15462fcc5cbc343c1fb4979093b9042899e7016",
    "https://deno.land/x/dax@0.28.0/src/commands/test.ts": "e54fcfd68cabe9b7743de7015eabcd6c8509c02def41477edc2fcd90b92050ce",
    "https://deno.land/x/dax@0.28.0/src/commands/touch.ts": "5953dbde8732da47ade9b7554a638ea06a8b67a59842e638fb79f7aebe392650",
    "https://deno.land/x/dax@0.28.0/src/common.ts": "c0e809c591400dbadb25197f2819c59fec6b897c94c1aba6a026d5d1eee9cb53",
    "https://deno.land/x/dax@0.28.0/src/console/confirm.ts": "d9128d10b77fcc0a8df2784f71c79df68f5c8e00a34b04547b9ba9ddf1c97f96",
    "https://deno.land/x/dax@0.28.0/src/console/logger.ts": "e0ab5025915cef70df03681c756e211f25bb2e4331f82ed4256b17ddd9e794ea",
    "https://deno.land/x/dax@0.28.0/src/console/mod.ts": "29ae1f8250b74a477e26a3b6ccf647badf5d8f8e2a9e6c4aa0d5df9e3bbbb273",
    "https://deno.land/x/dax@0.28.0/src/console/multiSelect.ts": "31003744e58f45f720271bd034d8cfba1055c954ba02d77a2f2eb21e4c1ed55a",
    "https://deno.land/x/dax@0.28.0/src/console/progress/format.ts": "15ddbb8051580f88ed499281e12ca6f881f875ab73268d7451d7113ee130bd7d",
    "https://deno.land/x/dax@0.28.0/src/console/progress/interval.ts": "80188d980a27c2eb07c31324365118af549641442f0752fe7c3b0c91832e5046",
    "https://deno.land/x/dax@0.28.0/src/console/progress/mod.ts": "df1017c87a33c3b0152422e753ea203aa706b9e5570a3930a6fce6f86ee2bcf5",
    "https://deno.land/x/dax@0.28.0/src/console/prompt.ts": "78c645b41a7562133d05a10901ae4d682cb22bfaf0b5a21cc8475ca2a946aee1",
    "https://deno.land/x/dax@0.28.0/src/console/select.ts": "c9d7124d975bf34d52ea1ac88fd610ed39db8ee6505b9bb53f371cef2f56c6ab",
    "https://deno.land/x/dax@0.28.0/src/console/utils.ts": "954c99397dcd2cb3f1ccf50055085f17c9ffb31b25b3c5719776de81e23935f4",
    "https://deno.land/x/dax@0.28.0/src/deps.ts": "258c5b7229fcea67bef138465b0053b045ced0674c65496b9e7e898d9a7742f1",
    "https://deno.land/x/dax@0.28.0/src/lib/mod.ts": "c8e9ca527dacf1e5a0132f07c6d0e4b4bc6f86b6c83694316fb5805f325dd9fe",
    "https://deno.land/x/dax@0.28.0/src/lib/rs_lib.generated.js": "22f6813fc63f7ae7f01f2fdec892f66831d858fc376fd57ab018be9a78bbb5fd",
    "https://deno.land/x/dax@0.28.0/src/path.ts": "2512ec9e7f682624052373c210c99da77687df434ea32b36ee7e259ffa03a6c0",
    "https://deno.land/x/dax@0.28.0/src/pipes.ts": "3aa984c0d031f4221953e228ba89452a86068a80d2811fddb9c60737cd4ab174",
    "https://deno.land/x/dax@0.28.0/src/request.ts": "66a1b19301e0e3b918b8982836ce1d071e2555e7d02a4c31cec8f9d3221c5f9d",
    "https://deno.land/x/dax@0.28.0/src/result.ts": "db83149d543f8b0625319f5169ec654faca6da42a046e75e7722a00cc5a7ea72",
    "https://deno.land/x/dax@0.28.0/src/shell.ts": "55e60cc0017a4a31833c390971381cce3875a17bc3b6430dfd976d035831871f",
    "https://deno.land/x/dir@1.5.1/data_local_dir/mod.ts": "91eb1c4bfadfbeda30171007bac6d85aadacd43224a5ed721bbe56bc64e9eb66",
    "https://deno.land/x/fp_ts@v2.11.4/Alt.ts": "c6dc9b09b7eda940e41038f987a20429efbafa8b594c2e3b2590929b9662a207",
    "https://deno.land/x/fp_ts@v2.11.4/Alternative.ts": "6aa829f39ce6dd71b5de2e67069ad83a380499ec8b18830e670943dad1054c22",
    "https://deno.land/x/fp_ts@v2.11.4/Applicative.ts": "b1ff911f447544153398e596a15b328db3c6d781313059cdcf8e34466f53a8b7",
    "https://deno.land/x/fp_ts@v2.11.4/Apply.ts": "91c356f6f66916bb47a3cd6e4cbd0b867c6324cf3880a9f5f60d5bcc2da839d1",
    "https://deno.land/x/fp_ts@v2.11.4/Array.ts": "798d412a8a4f364a730bfc90f856ab839decbbaccc3a470b0a0d279558d9844d",
    "https://deno.land/x/fp_ts@v2.11.4/Bifunctor.ts": "9b3496dbedba8f4f994f4f640d28cc5266949e5a350d6cf9f023dc648aff6112",
    "https://deno.land/x/fp_ts@v2.11.4/BooleanAlgebra.ts": "601a11f8a210bd8e2c6eabe20efe8aa060442b87d7231134a953d2f20f7889f8",
    "https://deno.land/x/fp_ts@v2.11.4/Bounded.ts": "173c354582b731dce6dd104e1d525fa5320d37c8f433cd3d07f54440bb232062",
    "https://deno.land/x/fp_ts@v2.11.4/BoundedDistributiveLattice.ts": "4c4ab4aa5652b4a5fd024c2031b44fa458a74489898cc4e51b03145aa0605436",
    "https://deno.land/x/fp_ts@v2.11.4/BoundedJoinSemilattice.ts": "6e787586fa33e27589aec9b9bdcb052376999554b3f18c99ace560fc84b2d16e",
    "https://deno.land/x/fp_ts@v2.11.4/BoundedLattice.ts": "ebdfddbe024a0fe21d29914d8faa6c8c65cfb3bea5b3d0bf14f3e499c572e29a",
    "https://deno.land/x/fp_ts@v2.11.4/BoundedMeetSemilattice.ts": "8175a61f89b7bd03abb3acb99e32ac8e7205b68a1cac4ceb0f2aeea978952506",
    "https://deno.land/x/fp_ts@v2.11.4/Category.ts": "77bff542508d3d8e4ac84edafa97b740de74a283a844e4e3a0c8e6b64666da56",
    "https://deno.land/x/fp_ts@v2.11.4/Chain.ts": "85d0ec8aeb96a062fdb80f1895c0272c9a54e710860c89709f3cbb3ac67239bc",
    "https://deno.land/x/fp_ts@v2.11.4/ChainRec.ts": "5f0a88a9731481a881a79e7e61742e22c48c612f4e2e49d254306b1bc75cfebb",
    "https://deno.land/x/fp_ts@v2.11.4/Choice.ts": "d2031c0e239dbe88b0a9a7eb9b8742cbfd1d09aa7d23614fdb56cbe4cb590313",
    "https://deno.land/x/fp_ts@v2.11.4/Comonad.ts": "4d2875a02fc103a5b05bfa04126d4ecf9f490f9cf33e1344d62161ee49e98420",
    "https://deno.land/x/fp_ts@v2.11.4/Compactable.ts": "3de0964918b299d032f96eb97d7d705e42e0cd64d3ad1350c67d8336c987d0e0",
    "https://deno.land/x/fp_ts@v2.11.4/Console.ts": "ae793a29eb0587dee6da03f0877bf8d19541847721aaec36566c75b256c11eba",
    "https://deno.land/x/fp_ts@v2.11.4/Const.ts": "ce832cd3f5486d2f3a05b0c87f621faf2ff95a4993bd40b45a5bba30aa12916e",
    "https://deno.land/x/fp_ts@v2.11.4/Contravariant.ts": "9d2b06365f58b37bcca6275803735d2b737d6a790b54dd6d4088a9b1b656a0eb",
    "https://deno.land/x/fp_ts@v2.11.4/Date.ts": "36c527d7dc7f9906fa680f6b8a3d45e0478aa93f591fa1063cfb826036e34e4f",
    "https://deno.land/x/fp_ts@v2.11.4/DistributiveLattice.ts": "eeaef952c590ee1ec62bf3bf903d4dab1c1bb6aaac5d8ab7b5b41983591e0b7d",
    "https://deno.land/x/fp_ts@v2.11.4/Either.ts": "8b31e8c8fb45723b430a9a37487f7aca0c7d765cf682e6f4c727111e049e565b",
    "https://deno.land/x/fp_ts@v2.11.4/EitherT.ts": "71cc8ec49c03914c2836954e85fafca1b2bca6a1e83370fe1da4f8b5a14f772e",
    "https://deno.land/x/fp_ts@v2.11.4/Endomorphism.ts": "d6f055996acd87d62b83b2e4488aafd682f995712abbec87294411db7fa6eaf4",
    "https://deno.land/x/fp_ts@v2.11.4/Eq.ts": "1b87181763a58917df6e5faa07fda58808953803764dcc7e0580bbaf7392ab29",
    "https://deno.land/x/fp_ts@v2.11.4/Extend.ts": "e46c5ed00fb422263f3c448188082780849b69d1cd33da48909e432ddac81b2f",
    "https://deno.land/x/fp_ts@v2.11.4/Field.ts": "125aee4b06f5fad8c6137938dcd4ab2a0d8b61cd31e5ed140592e8fe7b5fb115",
    "https://deno.land/x/fp_ts@v2.11.4/Filterable.ts": "34a5c2df7131c5b07ea2f1cb5c5e31ce6ea05fdd151d63297dc0d50852cefa49",
    "https://deno.land/x/fp_ts@v2.11.4/FilterableWithIndex.ts": "f9633984c9c647348d68fe7fdad8981ec3120a1db6188c3ea3150799b93d888b",
    "https://deno.land/x/fp_ts@v2.11.4/Foldable.ts": "33a67d5154f739830403e5d9c1536a8f7e1b559c6770b8cada22d85b0f038bb7",
    "https://deno.land/x/fp_ts@v2.11.4/FoldableWithIndex.ts": "b8e1ed3c33fe8a3ccfac60befcf1bbc18a111d93800da5c82c422725142e4f0d",
    "https://deno.land/x/fp_ts@v2.11.4/FromEither.ts": "edef9de6314ca65ff7cc8304e8d7e45b0731d1718c4afa482e16294bde05f427",
    "https://deno.land/x/fp_ts@v2.11.4/FromIO.ts": "453781961b21e6769b71dd9e539f5eb44c25881fe1308178017659f9bca2b1ef",
    "https://deno.land/x/fp_ts@v2.11.4/FromReader.ts": "ad79e31af4a433824031f569bfc49820aaef13be8a267bd2222a2d1f07270ab3",
    "https://deno.land/x/fp_ts@v2.11.4/FromState.ts": "c90e575183f22386c5d9dbc3fdb71d9b82be1740cef1f17e4b607d23986c800a",
    "https://deno.land/x/fp_ts@v2.11.4/FromTask.ts": "ca594840fbd8bd3c3792a1f518f6aa28aeeee28516a6de2393e62521381c8903",
    "https://deno.land/x/fp_ts@v2.11.4/FromThese.ts": "2d7f569427ff60c14227644251b485636e8b742df9e1ee1892979bb3f20db289",
    "https://deno.land/x/fp_ts@v2.11.4/Functor.ts": "ea4ad672027212168763d4827de8c501dbddcedab9af3c888808e4408b4484ab",
    "https://deno.land/x/fp_ts@v2.11.4/FunctorWithIndex.ts": "5a6f8e5b512137645cc8ae91e5ee9397a53ba83c22337fb95b7b8270238bde22",
    "https://deno.land/x/fp_ts@v2.11.4/Group.ts": "5e64b6ee940c454b863b8c661b6884784101addf614da9fdc1f5e2577af455f1",
    "https://deno.land/x/fp_ts@v2.11.4/HKT.ts": "4c565568046d3f95e944b1aea4143d9195c93a86d4b082bfdbcf685d4d6d903d",
    "https://deno.land/x/fp_ts@v2.11.4/HeytingAlgebra.ts": "fda47a135e7f3e69a93ba02b254c1cbd03a8adbffdc77b274838ea804e42d5b1",
    "https://deno.land/x/fp_ts@v2.11.4/IO.ts": "53d6b70b771022768deb76df84dac56cac512247ebc016943ed6b33cf56f0178",
    "https://deno.land/x/fp_ts@v2.11.4/IOEither.ts": "68d0b6ad2b040e8144919d4d71b868eea2b3a715ca2ee55ef849a635edb58279",
    "https://deno.land/x/fp_ts@v2.11.4/IORef.ts": "95b1372f912c87f834be1b7451978c782cf4aeec4736a0a25c5e0bee4a56abd5",
    "https://deno.land/x/fp_ts@v2.11.4/Identity.ts": "fefb33be8c95e2bf3c83c0255c3fef14fae2c5b8ad138ca00067cebc29f4e650",
    "https://deno.land/x/fp_ts@v2.11.4/Invariant.ts": "b4b07f711fc21c5eacc82b700122cca03d8c891195efe11d58cdb0a436020fa4",
    "https://deno.land/x/fp_ts@v2.11.4/JoinSemilattice.ts": "83b758f3070521127da3788d554def26492df79d0c66f574e4a7fdd8f73f44ea",
    "https://deno.land/x/fp_ts@v2.11.4/Json.ts": "55351700be20384bea519c2060781340bb009f390ebe76577f50ee52b6541fe9",
    "https://deno.land/x/fp_ts@v2.11.4/Lattice.ts": "1b9a3c18b55f617598dd8abe2724600f52a4d81b915dd1ca5a50f53628225427",
    "https://deno.land/x/fp_ts@v2.11.4/Magma.ts": "0c7f20604337fdb2fd3a3159a1e78c6f765a7f918d29ccbc9394855474f4a919",
    "https://deno.land/x/fp_ts@v2.11.4/Map.ts": "46c4b347b36e4cffecc4406264767100e82da4f97e0bd2181a0fee2112b2163f",
    "https://deno.land/x/fp_ts@v2.11.4/MeetSemilattice.ts": "fa536ec9457eb75cac1d40aff1524bd0d51b0829e118225f75fc10e05d47aba5",
    "https://deno.land/x/fp_ts@v2.11.4/Monad.ts": "7fe452a98d61c14e487e6e033018019c502af91523feb5172df5315e2b8081ec",
    "https://deno.land/x/fp_ts@v2.11.4/MonadIO.ts": "0035bd2170eaab0d0b5a1258206c84f23cdc255c1dc5ff0c16520ef4a69c2206",
    "https://deno.land/x/fp_ts@v2.11.4/MonadTask.ts": "557eefbcee9bccae7de0cb8634f7006d8af104b18f157136ce2b32f7f3ae2317",
    "https://deno.land/x/fp_ts@v2.11.4/MonadThrow.ts": "fe9e6e489a4865655f754412026ecfe3bb2cb69e7aee6988ed4f07264724c3d6",
    "https://deno.land/x/fp_ts@v2.11.4/Monoid.ts": "3e83956dfefa349d3236e14d5dff80dbc1e8c2f6e882a105733597f096fbb0e0",
    "https://deno.land/x/fp_ts@v2.11.4/NaturalTransformation.ts": "2b15bcab7ef3ce9006132edf39e0574acdfa4c711224fc34deb31d6a6939c1d6",
    "https://deno.land/x/fp_ts@v2.11.4/NonEmptyArray.ts": "d0c3bfe23813b5c2c1ddfdcdc89ef3da930eb0557118bfad505cbeaa0ee97795",
    "https://deno.land/x/fp_ts@v2.11.4/Option.ts": "c16c369636613a20d192ae4d3defe43830669fc3587f2114b6c0ebc48969a0ce",
    "https://deno.land/x/fp_ts@v2.11.4/OptionT.ts": "82e739cff430cbfedd4047cb1b0f3b56ef465aac0172ebb9619118de817b15ff",
    "https://deno.land/x/fp_ts@v2.11.4/Ord.ts": "198287f88301a0a0d24e13777cc48ba8d1e0aed14acd69bdb0869da44717943b",
    "https://deno.land/x/fp_ts@v2.11.4/Ordering.ts": "0fff70e5459a950b8729d046550c6d5ec7680451f578b632ff8cc6bf44f3671f",
    "https://deno.land/x/fp_ts@v2.11.4/Pointed.ts": "a7a7f9fa80f7e22e108c60acef9b863a7e2d6e1d4dc4f62c8126a3cc343dc7b5",
    "https://deno.land/x/fp_ts@v2.11.4/Predicate.ts": "3929a868e4dd9b8a1f82c2f99b9c9fb63d94a8ded67c45179698cf6cb6f4621d",
    "https://deno.land/x/fp_ts@v2.11.4/Profunctor.ts": "ba4c8160bfb4efb23343957fb915cb41a8cb1cc80dddccdec0394db5e7547e9a",
    "https://deno.land/x/fp_ts@v2.11.4/Random.ts": "1aef72cc56e31ef42ab3f1554329cc259079e7be40fe1cca7b8ba966f8c266fb",
    "https://deno.land/x/fp_ts@v2.11.4/Reader.ts": "18b5c8e868c5e474c377e2c59a47fcc3568963db2dfce5f633b082091610af16",
    "https://deno.land/x/fp_ts@v2.11.4/ReaderEither.ts": "36cf8421c4e53ebe12c65dd0acb628cfebd6bece7dd72ff8c94fdf08bd0c032e",
    "https://deno.land/x/fp_ts@v2.11.4/ReaderT.ts": "431d29d052c230fc4180a15ec1640d3a13731d2fd9127292e4b4665bcd723c80",
    "https://deno.land/x/fp_ts@v2.11.4/ReaderTask.ts": "a6ad3ecdf8c75a61a8d99a7fbad8e7509434afd8a289ca8ebee04386cbada6d1",
    "https://deno.land/x/fp_ts@v2.11.4/ReaderTaskEither.ts": "837b0cf5aaab91d0eab40949b81b1b0b60cdbe9b45621028486b0973af6456c1",
    "https://deno.land/x/fp_ts@v2.11.4/ReadonlyArray.ts": "f60df1d0449d7c5d3582313758ac035fffd1335b966cc1007d679dc8ac5d9369",
    "https://deno.land/x/fp_ts@v2.11.4/ReadonlyMap.ts": "b5758757e3ceb9135287b27d1395db07453dced320cd9ff8f435875fb4633a8f",
    "https://deno.land/x/fp_ts@v2.11.4/ReadonlyNonEmptyArray.ts": "d3de7798ae111af3546b92d4c88704b8711ffdec5f3ac012afc9536fec5d53b8",
    "https://deno.land/x/fp_ts@v2.11.4/ReadonlyRecord.ts": "4b4583f2a8ca504f082bf32859f7bd9ebcba1f70c67a2fec734aaeaf68f395fa",
    "https://deno.land/x/fp_ts@v2.11.4/ReadonlySet.ts": "33cc94cee8c76219ad007cf2344e0ec0ced0f78701d363b6ac6b3859fbf17e5d",
    "https://deno.land/x/fp_ts@v2.11.4/ReadonlyTuple.ts": "6d5bca20ae82550281a57acd45469fda0c832624fbc4f79f53d200481d1b14fd",
    "https://deno.land/x/fp_ts@v2.11.4/Record.ts": "cc675e02fc5c72faed290a02eccc7509061daf288ed85300b244c00a3cc1a179",
    "https://deno.land/x/fp_ts@v2.11.4/Refinement.ts": "a2ced42de715df56c696887cfff37954276c258801094d9da7e6946ec141c56b",
    "https://deno.land/x/fp_ts@v2.11.4/Ring.ts": "3a213df2ab441cc58c785d7d0cb9448d8f9d06fe908602dbe158bfa4a0d80d55",
    "https://deno.land/x/fp_ts@v2.11.4/Semigroup.ts": "ee41cf3555b4e5032ffeee6e89684999f6a203fc5624bcbc7606246bca889ce9",
    "https://deno.land/x/fp_ts@v2.11.4/Semigroupoid.ts": "a8fd520365063adef697106fca652611b7d588facf1b5a6b7d81cdfc43304ff6",
    "https://deno.land/x/fp_ts@v2.11.4/Semiring.ts": "d5eda77b6145fd283af1e011ab1b7dce6b95c7e4f57b77c3ce54e841640f9814",
    "https://deno.land/x/fp_ts@v2.11.4/Separated.ts": "c63363255070370d173df9178c6bf482fcdaa11da20bb9240e02dd9c07b8b875",
    "https://deno.land/x/fp_ts@v2.11.4/Set.ts": "b9c606eea2eb7d8098219a2207eadbff36f5e45453910ba97ddbb207cea479c4",
    "https://deno.land/x/fp_ts@v2.11.4/Show.ts": "a6642d3f63dc2a4860a0fbbb731263e6041ea73b6bedfc3fc0052e6ef23d286b",
    "https://deno.land/x/fp_ts@v2.11.4/State.ts": "e9fe285d0e0c015b3666a04218afe7a99580d4ccb8b2843981a786c216d8f8d1",
    "https://deno.land/x/fp_ts@v2.11.4/StateReaderTaskEither.ts": "cd1728998e03cf71738905ed1812a759ae97348c606311947b85242c59c7cfc2",
    "https://deno.land/x/fp_ts@v2.11.4/StateT.ts": "0838462af6b15e82ac6c921085edd2bb631826238c8cebc4df576983205fae5b",
    "https://deno.land/x/fp_ts@v2.11.4/Store.ts": "5a9f4808c6f2e432c1440750abf4bdba6ae8037d97c4cd75ff72c28f55cfa3be",
    "https://deno.land/x/fp_ts@v2.11.4/Strong.ts": "e1c3f6bc58d46d86ecf37f7c7518099c96e36874a4d9b1b89d951fd4c29dec17",
    "https://deno.land/x/fp_ts@v2.11.4/Task.ts": "5e899b6b97e6512fbab139d0f5ad0a02e1283341e714133237f365b7d29b37cb",
    "https://deno.land/x/fp_ts@v2.11.4/TaskEither.ts": "63e914546f29b01ed3f79b4030e8d489d68fb718e1ba1af9a39ea8cbac9c3ad8",
    "https://deno.land/x/fp_ts@v2.11.4/TaskOption.ts": "ada7dd32bd4eae2945f25ab154b714010e892acf2cd606f4d4af88698dc34d9e",
    "https://deno.land/x/fp_ts@v2.11.4/TaskThese.ts": "a2e0f6c38f3c60d5a2f8bf2366922fe359b536d6e6d692974c72ab6ba86a40f1",
    "https://deno.land/x/fp_ts@v2.11.4/These.ts": "b39da5e1062f0f46e6c6649546df68c0a80939fe80d5b60997728dae1fbdf3e0",
    "https://deno.land/x/fp_ts@v2.11.4/TheseT.ts": "1277439fced6382335bc1c2a582264c36dd1b6574fecf9a5f0af2f968da1abc2",
    "https://deno.land/x/fp_ts@v2.11.4/Traced.ts": "9a8c7966877e52c11f3ec97958813dd7be6bae65e5a6bd2fec638626be0329a1",
    "https://deno.land/x/fp_ts@v2.11.4/Traversable.ts": "1f0c800b803b6337dec88b38b9301cb1e44c7dd074b24c4ed8a8e2d49d485e03",
    "https://deno.land/x/fp_ts@v2.11.4/TraversableWithIndex.ts": "58142b89772592879a2d81279dae448a5585c3cd464fea1212b11766c1e65da8",
    "https://deno.land/x/fp_ts@v2.11.4/Tree.ts": "05622943f58b2be04a796c9d3bf294a262293670ff7c7ec71f7718ebc4d006b8",
    "https://deno.land/x/fp_ts@v2.11.4/Tuple.ts": "00be8982775d4de54281e22d6a1a15f23621b86917995f6b5bdb6175490e4df3",
    "https://deno.land/x/fp_ts@v2.11.4/Unfoldable.ts": "a5434907429327fb1b11578e21fb703840045acbee321ac7c5f20bcb5c9a3773",
    "https://deno.land/x/fp_ts@v2.11.4/ValidationT.ts": "4188bf4b7f9a8c6e4539917493f48398b3aae0c617647ab73f58d276a1827de6",
    "https://deno.land/x/fp_ts@v2.11.4/Witherable.ts": "56c9aa09d5dfacf6d012a35fc3d1ec912094bd0fe89b87e909d2af4054ad6fdc",
    "https://deno.land/x/fp_ts@v2.11.4/Writer.ts": "58f1df16f60f16a8f48a2276e7e452635a45f48f595e18cca08355d3a31e2dfe",
    "https://deno.land/x/fp_ts@v2.11.4/WriterT.ts": "ef6a24a011d0733c741ef4d79dedd318dd54dc447aa830edf054325cd46b5b73",
    "https://deno.land/x/fp_ts@v2.11.4/Zero.ts": "1a439e721b562321fe0f8419cab7ad3f8380f93ed266387a145d62c1b78fd822",
    "https://deno.land/x/fp_ts@v2.11.4/boolean.ts": "75c44f481e1ae1099efe87dbf45203daccf4eb2c5c6d440e32f59c3c6bd0f28b",
    "https://deno.land/x/fp_ts@v2.11.4/function.ts": "5f80016e6c379b6041ea468d940b8c6d4b5e4e40a9fed8c240aa518dedced841",
    "https://deno.land/x/fp_ts@v2.11.4/index.ts": "ef5a00ddb7e00daf07cf2995dce162861b21cbfcfd060f2b07b1a6958040ca10",
    "https://deno.land/x/fp_ts@v2.11.4/internal.ts": "a879994586e35f2ca16c976038569f0f0d00492e20767fe40e94055e9fadf985",
    "https://deno.land/x/fp_ts@v2.11.4/mod.ts": "882e3724ca160624f934070ead4633e971f81a90dcedc03a428f20769e96307b",
    "https://deno.land/x/fp_ts@v2.11.4/number.ts": "65a126dbea9b2172448b4f4be57927b807e54c0c6c742c5f0482f6ca3ccb08ac",
    "https://deno.land/x/fp_ts@v2.11.4/pipeable.ts": "7c30d6b7f12923edd3aeada02e3895ea7a60c56e2562f705ff51868d6fd94667",
    "https://deno.land/x/fp_ts@v2.11.4/string.ts": "85843345b77b69ca9b4bb489a5ba997e58cb4840024b4cbf772193edb65efd03",
    "https://deno.land/x/fp_ts@v2.11.4/struct.ts": "fe087f885abae0a77e7f041a66e82ac25ca1d8302acdf32d5e3adfd53ddf0236",
    "https://deno.land/x/fp_ts@v2.11.4/void.ts": "1c7b52323d6c6096457b54e083da6ed402f81986970f2da889e1abaee89048f7",
    "https://deno.land/x/outdent@v0.8.0/src/index.ts": "6dc3df4108d5d6fedcdb974844d321037ca81eaaa16be6073235ff3268841a22",
    "https://deno.land/x/which@0.2.1/mod.ts": "2e076cb85aea9798662b355fb613d27eebcc78dfc8934ece4ae932f6303f6ca8"
  }
}
